
Microsoft Visual Studio Solution File, Format Version 11.00
# Visual Studio 2010
# SharpDevelop 5.1
Project("{FAE04EC0-301F-11D3-BF4B-00C04F79EFBC}") = "EjemplosExcenciones", "EjemplosExcenciones\EjemplosExcenciones.csproj", "{20DDF862-D1DF-4B0F-96CA-E687A09F89AD}"
EndProject
Global
	GlobalSection(SolutionConfigurationPlatforms) = preSolution
		Debug|Any CPU = Debug|Any CPU
		Release|Any CPU = Release|Any CPU
	EndGlobalSection
	GlobalSection(ProjectConfigurationPlatforms) = postSolution
		{20DDF862-D1DF-4B0F-96CA-E687A09F89AD}.Debug|Any CPU.ActiveCfg = Debug|Any CPU
		{20DDF862-D1DF-4B0F-96CA-E687A09F89AD}.Debug|Any CPU.Build.0 = Debug|Any CPU
		{20DDF862-D1DF-4B0F-96CA-E687A09F89AD}.Release|Any CPU.ActiveCfg = Release|Any CPU
		{20DDF862-D1DF-4B0F-96CA-E687A09F89AD}.Release|Any CPU.Build.0 = Release|Any CPU
	EndGlobalSection
EndGlobal
